// !$*UTF8*$!
{
	archiveVersion = 1;
	classes = {
	};
	objectVersion = 56;
	objects = {

/* Begin PBXBuildFile section */
		6C5EB9CE2984108D0036E1FD /* PokemonDetails.swift in Sources */ = {isa = PBXBuildFile; fileRef = 6C5EB9CD2984108D0036E1FD /* PokemonDetails.swift */; };
		6C81EA6A297F20A800DEAE5B /* PokemonImageView.swift in Sources */ = {isa = PBXBuildFile; fileRef = 6C81EA69297F20A800DEAE5B /* PokemonImageView.swift */; };
		6C81EA7029818D8900DEAE5B /* Nuke in Frameworks */ = {isa = PBXBuildFile; productRef = 6C81EA6F29818D8900DEAE5B /* Nuke */; };
		6C81EA7229818D8900DEAE5B /* NukeExtensions in Frameworks */ = {isa = PBXBuildFile; productRef = 6C81EA7129818D8900DEAE5B /* NukeExtensions */; };
		6C81EA7429818D8900DEAE5B /* NukeUI in Frameworks */ = {isa = PBXBuildFile; productRef = 6C81EA7329818D8900DEAE5B /* NukeUI */; };
		6C81EA932983255F00DEAE5B /* PokemonDetailsView.swift in Sources */ = {isa = PBXBuildFile; fileRef = 6C81EA922983255F00DEAE5B /* PokemonDetailsView.swift */; };
		6CA3DD9E29787C650036DCF1 /* PokedexApp.swift in Sources */ = {isa = PBXBuildFile; fileRef = 6CA3DD9D29787C650036DCF1 /* PokedexApp.swift */; };
		6CA3DDA029787C650036DCF1 /* PokedexView.swift in Sources */ = {isa = PBXBuildFile; fileRef = 6CA3DD9F29787C650036DCF1 /* PokedexView.swift */; };
		6CA3DDA229787C670036DCF1 /* Assets.xcassets in Resources */ = {isa = PBXBuildFile; fileRef = 6CA3DDA129787C670036DCF1 /* Assets.xcassets */; };
		6CA3DDA529787C670036DCF1 /* Preview Assets.xcassets in Resources */ = {isa = PBXBuildFile; fileRef = 6CA3DDA429787C670036DCF1 /* Preview Assets.xcassets */; };
		6CA3DDAC29787E800036DCF1 /* PokemonList.swift in Sources */ = {isa = PBXBuildFile; fileRef = 6CA3DDAB29787E800036DCF1 /* PokemonList.swift */; };
		6CA3DDB0297890A90036DCF1 /* PokemonImage.swift in Sources */ = {isa = PBXBuildFile; fileRef = 6CA3DDAF297890A90036DCF1 /* PokemonImage.swift */; };
		6CA3DDB2297891080036DCF1 /* PokedexViewModel.swift in Sources */ = {isa = PBXBuildFile; fileRef = 6CA3DDB1297891080036DCF1 /* PokedexViewModel.swift */; };
		6CA3DDBB2979D46B0036DCF1 /* PokemonCard.swift in Sources */ = {isa = PBXBuildFile; fileRef = 6CA3DDBA2979D46B0036DCF1 /* PokemonCard.swift */; };
/* End PBXBuildFile section */

/* Begin PBXFileReference section */
		6C5EB9CD2984108D0036E1FD /* PokemonDetails.swift */ = {isa = PBXFileReference; lastKnownFileType = sourcecode.swift; path = PokemonDetails.swift; sourceTree = "<group>"; };
		6C81EA69297F20A800DEAE5B /* PokemonImageView.swift */ = {isa = PBXFileReference; lastKnownFileType = sourcecode.swift; path = PokemonImageView.swift; sourceTree = "<group>"; };
		6C81EA922983255F00DEAE5B /* PokemonDetailsView.swift */ = {isa = PBXFileReference; lastKnownFileType = sourcecode.swift; path = PokemonDetailsView.swift; sourceTree = "<group>"; };
		6CA3DD9A29787C650036DCF1 /* Pokedex.app */ = {isa = PBXFileReference; explicitFileType = wrapper.application; includeInIndex = 0; path = Pokedex.app; sourceTree = BUILT_PRODUCTS_DIR; };
		6CA3DD9D29787C650036DCF1 /* PokedexApp.swift */ = {isa = PBXFileReference; lastKnownFileType = sourcecode.swift; path = PokedexApp.swift; sourceTree = "<group>"; };
		6CA3DD9F29787C650036DCF1 /* PokedexView.swift */ = {isa = PBXFileReference; lastKnownFileType = sourcecode.swift; path = PokedexView.swift; sourceTree = "<group>"; };
		6CA3DDA129787C670036DCF1 /* Assets.xcassets */ = {isa = PBXFileReference; lastKnownFileType = folder.assetcatalog; path = Assets.xcassets; sourceTree = "<group>"; };
		6CA3DDA429787C670036DCF1 /* Preview Assets.xcassets */ = {isa = PBXFileReference; lastKnownFileType = folder.assetcatalog; path = "Preview Assets.xcassets"; sourceTree = "<group>"; };
		6CA3DDAB29787E800036DCF1 /* PokemonList.swift */ = {isa = PBXFileReference; lastKnownFileType = sourcecode.swift; path = PokemonList.swift; sourceTree = "<group>"; };
		6CA3DDAD2978831F0036DCF1 /* Info.plist */ = {isa = PBXFileReference; lastKnownFileType = text.plist; path = Info.plist; sourceTree = "<group>"; };
		6CA3DDAF297890A90036DCF1 /* PokemonImage.swift */ = {isa = PBXFileReference; lastKnownFileType = sourcecode.swift; path = PokemonImage.swift; sourceTree = "<group>"; };
		6CA3DDB1297891080036DCF1 /* PokedexViewModel.swift */ = {isa = PBXFileReference; lastKnownFileType = sourcecode.swift; path = PokedexViewModel.swift; sourceTree = "<group>"; };
		6CA3DDBA2979D46B0036DCF1 /* PokemonCard.swift */ = {isa = PBXFileReference; lastKnownFileType = sourcecode.swift; path = PokemonCard.swift; sourceTree = "<group>"; };
/* End PBXFileReference section */

/* Begin PBXFrameworksBuildPhase section */
		6CA3DD9729787C650036DCF1 /* Frameworks */ = {
			isa = PBXFrameworksBuildPhase;
			buildActionMask = 2147483647;
			files = (
				6C81EA7429818D8900DEAE5B /* NukeUI in Frameworks */,
				6C81EA7029818D8900DEAE5B /* Nuke in Frameworks */,
				6C81EA7229818D8900DEAE5B /* NukeExtensions in Frameworks */,
			);
			runOnlyForDeploymentPostprocessing = 0;
		};
/* End PBXFrameworksBuildPhase section */

/* Begin PBXGroup section */
		6CA3DD9129787C640036DCF1 = {
			isa = PBXGroup;
			children = (
				6CA3DD9C29787C650036DCF1 /* Pokedex */,
				6CA3DD9B29787C650036DCF1 /* Products */,
			);
			sourceTree = "<group>";
		};
		6CA3DD9B29787C650036DCF1 /* Products */ = {
			isa = PBXGroup;
			children = (
				6CA3DD9A29787C650036DCF1 /* Pokedex.app */,
			);
			name = Products;
			sourceTree = "<group>";
		};
		6CA3DD9C29787C650036DCF1 /* Pokedex */ = {
			isa = PBXGroup;
			children = (
				6CA3DDAE297890840036DCF1 /* Pokemon */,
				6CA3DDAD2978831F0036DCF1 /* Info.plist */,
				6CA3DD9D29787C650036DCF1 /* PokedexApp.swift */,
				6CA3DDA129787C670036DCF1 /* Assets.xcassets */,
				6CA3DDA329787C670036DCF1 /* Preview Content */,
				6CA3DDB1297891080036DCF1 /* PokedexViewModel.swift */,
			);
			path = Pokedex;
			sourceTree = "<group>";
		};
		6CA3DDA329787C670036DCF1 /* Preview Content */ = {
			isa = PBXGroup;
			children = (
				6CA3DDA429787C670036DCF1 /* Preview Assets.xcassets */,
			);
			path = "Preview Content";
			sourceTree = "<group>";
		};
		6CA3DDAE297890840036DCF1 /* Pokemon */ = {
			isa = PBXGroup;
			children = (
				6CA3DDB92979D4600036DCF1 /* Models */,
				6CA3DDB32979D3610036DCF1 /* Views */,
			);
			path = Pokemon;
			sourceTree = "<group>";
		};
		6CA3DDB32979D3610036DCF1 /* Views */ = {
			isa = PBXGroup;
			children = (
				6CA3DD9F29787C650036DCF1 /* PokedexView.swift */,
				6C81EA69297F20A800DEAE5B /* PokemonImageView.swift */,
				6C81EA922983255F00DEAE5B /* PokemonDetailsView.swift */,
			);
			path = Views;
			sourceTree = "<group>";
		};
		6CA3DDB92979D4600036DCF1 /* Models */ = {
			isa = PBXGroup;
			children = (
				6CA3DDAB29787E800036DCF1 /* PokemonList.swift */,
				6CA3DDAF297890A90036DCF1 /* PokemonImage.swift */,
				6CA3DDBA2979D46B0036DCF1 /* PokemonCard.swift */,
				6C5EB9CD2984108D0036E1FD /* PokemonDetails.swift */,
			);
			path = Models;
			sourceTree = "<group>";
		};
/* End PBXGroup section */

/* Begin PBXNativeTarget section */
		6CA3DD9929787C650036DCF1 /* Pokedex */ = {
			isa = PBXNativeTarget;
			buildConfigurationList = 6CA3DDA829787C670036DCF1 /* Build configuration list for PBXNativeTarget "Pokedex" */;
			buildPhases = (
				6CA3DD9629787C650036DCF1 /* Sources */,
				6CA3DD9729787C650036DCF1 /* Frameworks */,
				6CA3DD9829787C650036DCF1 /* Resources */,
			);
			buildRules = (
			);
			dependencies = (
			);
			name = Pokedex;
			packageProductDependencies = (
				6C81EA6F29818D8900DEAE5B /* Nuke */,
				6C81EA7129818D8900DEAE5B /* NukeExtensions */,
				6C81EA7329818D8900DEAE5B /* NukeUI */,
			);
			productName = Pokedex;
			productReference = 6CA3DD9A29787C650036DCF1 /* Pokedex.app */;
			productType = "com.apple.product-type.application";
		};
/* End PBXNativeTarget section */

/* Begin PBXProject section */
		6CA3DD9229787C640036DCF1 /* Project object */ = {
			isa = PBXProject;
			attributes = {
				BuildIndependentTargetsInParallel = 1;
				LastSwiftUpdateCheck = 1420;
				LastUpgradeCheck = 1420;
				TargetAttributes = {
					6CA3DD9929787C650036DCF1 = {
						CreatedOnToolsVersion = 14.2;
					};
				};
			};
			buildConfigurationList = 6CA3DD9529787C640036DCF1 /* Build configuration list for PBXProject "Pokedex" */;
			compatibilityVersion = "Xcode 14.0";
			developmentRegion = en;
			hasScannedForEncodings = 0;
			knownRegions = (
				en,
				Base,
			);
			mainGroup = 6CA3DD9129787C640036DCF1;
			packageReferences = (
				6C81EA6E29818D8900DEAE5B /* XCRemoteSwiftPackageReference "Nuke" */,
			);
			productRefGroup = 6CA3DD9B29787C650036DCF1 /* Products */;
			projectDirPath = "";
			projectRoot = "";
			targets = (
				6CA3DD9929787C650036DCF1 /* Pokedex */,
			);
		};
/* End PBXProject section */

/* Begin PBXResourcesBuildPhase section */
		6CA3DD9829787C650036DCF1 /* Resources */ = {
			isa = PBXResourcesBuildPhase;
			buildActionMask = 2147483647;
			files = (
				6CA3DDA529787C670036DCF1 /* Preview Assets.xcassets in Resources */,
				6CA3DDA229787C670036DCF1 /* Assets.xcassets in Resources */,
			);
			runOnlyForDeploymentPostprocessing = 0;
		};
/* End PBXResourcesBuildPhase section */

/* Begin PBXSourcesBuildPhase section */
		6CA3DD9629787C650036DCF1 /* Sources */ = {
			isa = PBXSourcesBuildPhase;
			buildActionMask = 2147483647;
			files = (
				6CA3DDA029787C650036DCF1 /* PokedexView.swift in Sources */,
				6C81EA6A297F20A800DEAE5B /* PokemonImageView.swift in Sources */,
				6C81EA932983255F00DEAE5B /* PokemonDetailsView.swift in Sources */,
				6C5EB9CE2984108D0036E1FD /* PokemonDetails.swift in Sources */,
				6CA3DDB0297890A90036DCF1 /* PokemonImage.swift in Sources */,
				6CA3DD9E29787C650036DCF1 /* PokedexApp.swift in Sources */,
				6CA3DDAC29787E800036DCF1 /* PokemonList.swift in Sources */,
				6CA3DDB2297891080036DCF1 /* PokedexViewModel.swift in Sources */,
				6CA3DDBB2979D46B0036DCF1 /* PokemonCard.swift in Sources */,
			);
			runOnlyForDeploymentPostprocessing = 0;
		};
/* End PBXSourcesBuildPhase section */

/* Begin XCBuildConfiguration section */
		6CA3DDA629787C670036DCF1 /* Debug */ = {
			isa = XCBuildConfiguration;
			buildSettings = {
				ALWAYS_SEARCH_USER_PATHS = NO;
				CLANG_ANALYZER_NONNULL = YES;
				CLANG_ANALYZER_NUMBER_OBJECT_CONVERSION = YES_AGGRESSIVE;
				CLANG_CXX_LANGUAGE_STANDARD = "gnu++20";
				CLANG_ENABLE_MODULES = YES;
				CLANG_ENABLE_OBJC_ARC = YES;
				CLANG_ENABLE_OBJC_WEAK = YES;
				CLANG_WARN_BLOCK_CAPTURE_AUTORELEASING = YES;
				CLANG_WARN_BOOL_CONVERSION = YES;
				CLANG_WARN_COMMA = YES;
				CLANG_WARN_CONSTANT_CONVERSION = YES;
				CLANG_WARN_DEPRECATED_OBJC_IMPLEMENTATIONS = YES;
				CLANG_WARN_DIRECT_OBJC_ISA_USAGE = YES_ERROR;
				CLANG_WARN_DOCUMENTATION_COMMENTS = YES;
				CLANG_WARN_EMPTY_BODY = YES;
				CLANG_WARN_ENUM_CONVERSION = YES;
				CLANG_WARN_INFINITE_RECURSION = YES;
				CLANG_WARN_INT_CONVERSION = YES;
				CLANG_WARN_NON_LITERAL_NULL_CONVERSION = YES;
				CLANG_WARN_OBJC_IMPLICIT_RETAIN_SELF = YES;
				CLANG_WARN_OBJC_LITERAL_CONVERSION = YES;
				CLANG_WARN_OBJC_ROOT_CLASS = YES_ERROR;
				CLANG_WARN_QUOTED_INCLUDE_IN_FRAMEWORK_HEADER = YES;
				CLANG_WARN_RANGE_LOOP_ANALYSIS = YES;
				CLANG_WARN_STRICT_PROTOTYPES = YES;
				CLANG_WARN_SUSPICIOUS_MOVE = YES;
				CLANG_WARN_UNGUARDED_AVAILABILITY = YES_AGGRESSIVE;
				CLANG_WARN_UNREACHABLE_CODE = YES;
				CLANG_WARN__DUPLICATE_METHOD_MATCH = YES;
				COPY_PHASE_STRIP = NO;
				DEBUG_INFORMATION_FORMAT = dwarf;
				ENABLE_STRICT_OBJC_MSGSEND = YES;
				ENABLE_TESTABILITY = YES;
				GCC_C_LANGUAGE_STANDARD = gnu11;
				GCC_DYNAMIC_NO_PIC = NO;
				GCC_NO_COMMON_BLOCKS = YES;
				GCC_OPTIMIZATION_LEVEL = 0;
				GCC_PREPROCESSOR_DEFINITIONS = (
					"DEBUG=1",
					"$(inherited)",
				);
				GCC_WARN_64_TO_32_BIT_CONVERSION = YES;
				GCC_WARN_ABOUT_RETURN_TYPE = YES_ERROR;
				GCC_WARN_UNDECLARED_SELECTOR = YES;
				GCC_WARN_UNINITIALIZED_AUTOS = YES_AGGRESSIVE;
				GCC_WARN_UNUSED_FUNCTION = YES;
				GCC_WARN_UNUSED_VARIABLE = YES;
				IPHONEOS_DEPLOYMENT_TARGET = 16.2;
				MTL_ENABLE_DEBUG_INFO = INCLUDE_SOURCE;
				MTL_FAST_MATH = YES;
				ONLY_ACTIVE_ARCH = YES;
				SDKROOT = iphoneos;
				SWIFT_ACTIVE_COMPILATION_CONDITIONS = DEBUG;
				SWIFT_OPTIMIZATION_LEVEL = "-Onone";
			};
			name = Debug;
		};
		6CA3DDA729787C670036DCF1 /* Release */ = {
			isa = XCBuildConfiguration;
			buildSettings = {
				ALWAYS_SEARCH_USER_PATHS = NO;
				CLANG_ANALYZER_NONNULL = YES;
				CLANG_ANALYZER_NUMBER_OBJECT_CONVERSION = YES_AGGRESSIVE;
				CLANG_CXX_LANGUAGE_STANDARD = "gnu++20";
				CLANG_ENABLE_MODULES = YES;
				CLANG_ENABLE_OBJC_ARC = YES;
				CLANG_ENABLE_OBJC_WEAK = YES;
				CLANG_WARN_BLOCK_CAPTURE_AUTORELEASING = YES;
				CLANG_WARN_BOOL_CONVERSION = YES;
				CLANG_WARN_COMMA = YES;
				CLANG_WARN_CONSTANT_CONVERSION = YES;
				CLANG_WARN_DEPRECATED_OBJC_IMPLEMENTATIONS = YES;
				CLANG_WARN_DIRECT_OBJC_ISA_USAGE = YES_ERROR;
				CLANG_WARN_DOCUMENTATION_COMMENTS = YES;
				CLANG_WARN_EMPTY_BODY = YES;
				CLANG_WARN_ENUM_CONVERSION = YES;
				CLANG_WARN_INFINITE_RECURSION = YES;
				CLANG_WARN_INT_CONVERSION = YES;
				CLANG_WARN_NON_LITERAL_NULL_CONVERSION = YES;
				CLANG_WARN_OBJC_IMPLICIT_RETAIN_SELF = YES;
				CLANG_WARN_OBJC_LITERAL_CONVERSION = YES;
				CLANG_WARN_OBJC_ROOT_CLASS = YES_ERROR;
				CLANG_WARN_QUOTED_INCLUDE_IN_FRAMEWORK_HEADER = YES;
				CLANG_WARN_RANGE_LOOP_ANALYSIS = YES;
				CLANG_WARN_STRICT_PROTOTYPES = YES;
				CLANG_WARN_SUSPICIOUS_MOVE = YES;
				CLANG_WARN_UNGUARDED_AVAILABILITY = YES_AGGRESSIVE;
				CLANG_WARN_UNREACHABLE_CODE = YES;
				CLANG_WARN__DUPLICATE_METHOD_MATCH = YES;
				COPY_PHASE_STRIP = NO;
				DEBUG_INFORMATION_FORMAT = "dwarf-with-dsym";
				ENABLE_NS_ASSERTIONS = NO;
				ENABLE_STRICT_OBJC_MSGSEND = YES;
				GCC_C_LANGUAGE_STANDARD = gnu11;
				GCC_NO_COMMON_BLOCKS = YES;
				GCC_WARN_64_TO_32_BIT_CONVERSION = YES;
				GCC_WARN_ABOUT_RETURN_TYPE = YES_ERROR;
				GCC_WARN_UNDECLARED_SELECTOR = YES;
				GCC_WARN_UNINITIALIZED_AUTOS = YES_AGGRESSIVE;
				GCC_WARN_UNUSED_FUNCTION = YES;
				GCC_WARN_UNUSED_VARIABLE = YES;
				IPHONEOS_DEPLOYMENT_TARGET = 16.2;
				MTL_ENABLE_DEBUG_INFO = NO;
				MTL_FAST_MATH = YES;
				SDKROOT = iphoneos;
				SWIFT_COMPILATION_MODE = wholemodule;
				SWIFT_OPTIMIZATION_LEVEL = "-O";
				VALIDATE_PRODUCT = YES;
			};
			name = Release;
		};
		6CA3DDA929787C670036DCF1 /* Debug */ = {
			isa = XCBuildConfiguration;
			buildSettings = {
				ASSETCATALOG_COMPILER_APPICON_NAME = AppIcon;
				ASSETCATALOG_COMPILER_GLOBAL_ACCENT_COLOR_NAME = AccentColor;
				CODE_SIGN_STYLE = Automatic;
				CURRENT_PROJECT_VERSION = 1;
				DEVELOPMENT_ASSET_PATHS = "\"Pokedex/Preview Content\"";
				ENABLE_PREVIEWS = YES;
				GENERATE_INFOPLIST_FILE = YES;
				INFOPLIST_FILE = Pokedex/Info.plist;
				INFOPLIST_KEY_UIApplicationSupportsIndirectInputEvents = YES;
				INFOPLIST_KEY_UILaunchScreen_Generation = YES;
				INFOPLIST_KEY_UISupportedInterfaceOrientations_iPad = "UIInterfaceOrientationPortrait UIInterfaceOrientationPortraitUpsideDown UIInterfaceOrientationLandscapeLeft UIInterfaceOrientationLandscapeRight";
				INFOPLIST_KEY_UISupportedInterfaceOrientations_iPhone = "UIInterfaceOrientationPortrait UIInterfaceOrientationLandscapeLeft UIInterfaceOrientationLandscapeRight";
				IPHONEOS_DEPLOYMENT_TARGET = 15.1;
				LD_RUNPATH_SEARCH_PATHS = (
					"$(inherited)",
					"@executable_path/Frameworks",
				);
				MARKETING_VERSION = 1.0;
				PRODUCT_BUNDLE_IDENTIFIER = com.Andressa.Pokedex;
				PRODUCT_NAME = "$(TARGET_NAME)";
				SWIFT_EMIT_LOC_STRINGS = YES;
				SWIFT_VERSION = 5.0;
				TARGETED_DEVICE_FAMILY = "1,2";
			};
			name = Debug;
		};
		6CA3DDAA29787C670036DCF1 /* Release */ = {
			isa = XCBuildConfiguration;
			buildSettings = {
				ASSETCATALOG_COMPILER_APPICON_NAME = AppIcon;
				ASSETCATALOG_COMPILER_GLOBAL_ACCENT_COLOR_NAME = AccentColor;
				CODE_SIGN_STYLE = Automatic;
				CURRENT_PROJECT_VERSION = 1;
				DEVELOPMENT_ASSET_PATHS = "\"Pokedex/Preview Content\"";
				ENABLE_PREVIEWS = YES;
				GENERATE_INFOPLIST_FILE = YES;
				INFOPLIST_FILE = Pokedex/Info.plist;
				INFOPLIST_KEY_UIApplicationSupportsIndirectInputEvents = YES;
				INFOPLIST_KEY_UILaunchScreen_Generation = YES;
				INFOPLIST_KEY_UISupportedInterfaceOrientations_iPad = "UIInterfaceOrientationPortrait UIInterfaceOrientationPortraitUpsideDown UIInterfaceOrientationLandscapeLeft UIInterfaceOrientationLandscapeRight";
				INFOPLIST_KEY_UISupportedInterfaceOrientations_iPhone = "UIInterfaceOrientationPortrait UIInterfaceOrientationLandscapeLeft UIInterfaceOrientationLandscapeRight";
				IPHONEOS_DEPLOYMENT_TARGET = 15.1;
				LD_RUNPATH_SEARCH_PATHS = (
					"$(inherited)",
					"@executable_path/Frameworks",
				);
				MARKETING_VERSION = 1.0;
				PRODUCT_BUNDLE_IDENTIFIER = com.Andressa.Pokedex;
				PRODUCT_NAME = "$(TARGET_NAME)";
				SWIFT_EMIT_LOC_STRINGS = YES;
				SWIFT_VERSION = 5.0;
				TARGETED_DEVICE_FAMILY = "1,2";
			};
			name = Release;
		};
/* End XCBuildConfiguration section */

/* Begin XCConfigurationList section */
		6CA3DD9529787C640036DCF1 /* Build configuration list for PBXProject "Pokedex" */ = {
			isa = XCConfigurationList;
			buildConfigurations = (
				6CA3DDA629787C670036DCF1 /* Debug */,
				6CA3DDA729787C670036DCF1 /* Release */,
			);
			defaultConfigurationIsVisible = 0;
			defaultConfigurationName = Release;
		};
		6CA3DDA829787C670036DCF1 /* Build configuration list for PBXNativeTarget "Pokedex" */ = {
			isa = XCConfigurationList;
			buildConfigurations = (
				6CA3DDA929787C670036DCF1 /* Debug */,
				6CA3DDAA29787C670036DCF1 /* Release */,
			);
			defaultConfigurationIsVisible = 0;
			defaultConfigurationName = Release;
		};
/* End XCConfigurationList section */

/* Begin XCRemoteSwiftPackageReference section */
		6C81EA6E29818D8900DEAE5B /* XCRemoteSwiftPackageReference "Nuke" */ = {
			isa = XCRemoteSwiftPackageReference;
			repositoryURL = "https://github.com/kean/Nuke.git";
			requirement = {
				kind = exactVersion;
				version = 11.5.3;
			};
		};
/* End XCRemoteSwiftPackageReference section */

/* Begin XCSwiftPackageProductDependency section */
		6C81EA6F29818D8900DEAE5B /* Nuke */ = {
			isa = XCSwiftPackageProductDependency;
			package = 6C81EA6E29818D8900DEAE5B /* XCRemoteSwiftPackageReference "Nuke" */;
			productName = Nuke;
		};
		6C81EA7129818D8900DEAE5B /* NukeExtensions */ = {
			isa = XCSwiftPackageProductDependency;
			package = 6C81EA6E29818D8900DEAE5B /* XCRemoteSwiftPackageReference "Nuke" */;
			productName = NukeExtensions;
		};
		6C81EA7329818D8900DEAE5B /* NukeUI */ = {
			isa = XCSwiftPackageProductDependency;
			package = 6C81EA6E29818D8900DEAE5B /* XCRemoteSwiftPackageReference "Nuke" */;
			productName = NukeUI;
		};
/* End XCSwiftPackageProductDependency section */
	};
	rootObject = 6CA3DD9229787C640036DCF1 /* Project object */;
}
